// !$*UTF8*$!
{
	archiveVersion = 1;
	classes = {
	};
	objectVersion = 46;
	objects = {

/* Begin PBXBuildFile section */
		1A39E6511BF80555001BE66B /* AppDelegate.swift in Sources */ = {isa = PBXBuildFile; fileRef = 1A39E6501BF80555001BE66B /* AppDelegate.swift */; };
		1A39E6531BF80555001BE66B /* ViewController.swift in Sources */ = {isa = PBXBuildFile; fileRef = 1A39E6521BF80555001BE66B /* ViewController.swift */; };
		1A39E6561BF80555001BE66B /* Main.storyboard in Resources */ = {isa = PBXBuildFile; fileRef = 1A39E6541BF80555001BE66B /* Main.storyboard */; };
		1A39E6581BF80556001BE66B /* Assets.xcassets in Resources */ = {isa = PBXBuildFile; fileRef = 1A39E6571BF80556001BE66B /* Assets.xcassets */; };
		1A39E6631BF96A4B001BE66B /* DragImg.swift in Sources */ = {isa = PBXBuildFile; fileRef = 1A39E6621BF96A4B001BE66B /* DragImg.swift */; };
		1A39E6651BF9720B001BE66B /* MonsterImg.swift in Sources */ = {isa = PBXBuildFile; fileRef = 1A39E6641BF9720B001BE66B /* MonsterImg.swift */; };
		1AB9ECAF1BFA6DEE00BE645F /* cave-music.mp3 in Resources */ = {isa = PBXBuildFile; fileRef = 1AB9ECAA1BFA6DEE00BE645F /* cave-music.mp3 */; };
		1AB9ECB01BFA6DEE00BE645F /* bite.wav in Resources */ = {isa = PBXBuildFile; fileRef = 1AB9ECAB1BFA6DEE00BE645F /* bite.wav */; };
		1AB9ECB11BFA6DEE00BE645F /* death.wav in Resources */ = {isa = PBXBuildFile; fileRef = 1AB9ECAC1BFA6DEE00BE645F /* death.wav */; };
		1AB9ECB21BFA6DEE00BE645F /* heart.wav in Resources */ = {isa = PBXBuildFile; fileRef = 1AB9ECAD1BFA6DEE00BE645F /* heart.wav */; };
		1AB9ECB31BFA6DEE00BE645F /* skull.wav in Resources */ = {isa = PBXBuildFile; fileRef = 1AB9ECAE1BFA6DEE00BE645F /* skull.wav */; };
		1AB9ECB51BFABE1600BE645F /* Launch Screen.storyboard in Resources */ = {isa = PBXBuildFile; fileRef = 1AB9ECB41BFABE1600BE645F /* Launch Screen.storyboard */; };
/* End PBXBuildFile section */

/* Begin PBXFileReference section */
		1A39E64D1BF80555001BE66B /* MyPetMonster.app */ = {isa = PBXFileReference; explicitFileType = wrapper.application; includeInIndex = 0; path = MyPetMonster.app; sourceTree = BUILT_PRODUCTS_DIR; };
		1A39E6501BF80555001BE66B /* AppDelegate.swift */ = {isa = PBXFileReference; lastKnownFileType = sourcecode.swift; path = AppDelegate.swift; sourceTree = "<group>"; };
		1A39E6521BF80555001BE66B /* ViewController.swift */ = {isa = PBXFileReference; lastKnownFileType = sourcecode.swift; path = ViewController.swift; sourceTree = "<group>"; };
		1A39E6551BF80555001BE66B /* Base */ = {isa = PBXFileReference; lastKnownFileType = file.storyboard; name = Base; path = Base.lproj/Main.storyboard; sourceTree = "<group>"; };
		1A39E6571BF80556001BE66B /* Assets.xcassets */ = {isa = PBXFileReference; lastKnownFileType = folder.assetcatalog; path = Assets.xcassets; sourceTree = "<group>"; };
		1A39E65C1BF80556001BE66B /* Info.plist */ = {isa = PBXFileReference; lastKnownFileType = text.plist.xml; path = Info.plist; sourceTree = "<group>"; };
		1A39E6621BF96A4B001BE66B /* DragImg.swift */ = {isa = PBXFileReference; fileEncoding = 4; lastKnownFileType = sourcecode.swift; path = DragImg.swift; sourceTree = "<group>"; };
		1A39E6641BF9720B001BE66B /* MonsterImg.swift */ = {isa = PBXFileReference; fileEncoding = 4; lastKnownFileType = sourcecode.swift; path = MonsterImg.swift; sourceTree = "<group>"; };
		1AB9ECAA1BFA6DEE00BE645F /* cave-music.mp3 */ = {isa = PBXFileReference; lastKnownFileType = audio.mp3; path = "cave-music.mp3"; sourceTree = "<group>"; };
		1AB9ECAB1BFA6DEE00BE645F /* bite.wav */ = {isa = PBXFileReference; lastKnownFileType = audio.wav; path = bite.wav; sourceTree = "<group>"; };
		1AB9ECAC1BFA6DEE00BE645F /* death.wav */ = {isa = PBXFileReference; lastKnownFileType = audio.wav; path = death.wav; sourceTree = "<group>"; };
		1AB9ECAD1BFA6DEE00BE645F /* heart.wav */ = {isa = PBXFileReference; lastKnownFileType = audio.wav; path = heart.wav; sourceTree = "<group>"; };
		1AB9ECAE1BFA6DEE00BE645F /* skull.wav */ = {isa = PBXFileReference; lastKnownFileType = audio.wav; path = skull.wav; sourceTree = "<group>"; };
		1AB9ECB41BFABE1600BE645F /* Launch Screen.storyboard */ = {isa = PBXFileReference; fileEncoding = 4; lastKnownFileType = file.storyboard; path = "Launch Screen.storyboard"; sourceTree = "<group>"; };
/* End PBXFileReference section */

/* Begin PBXFrameworksBuildPhase section */
		1A39E64A1BF80555001BE66B /* Frameworks */ = {
			isa = PBXFrameworksBuildPhase;
			buildActionMask = 2147483647;
			files = (
			);
			runOnlyForDeploymentPostprocessing = 0;
		};
/* End PBXFrameworksBuildPhase section */

/* Begin PBXGroup section */
		1A39E6441BF80554001BE66B = {
			isa = PBXGroup;
			children = (
				1A39E64F1BF80555001BE66B /* MyLittleMonster */,
				1A39E64E1BF80555001BE66B /* Products */,
			);
			sourceTree = "<group>";
		};
		1A39E64E1BF80555001BE66B /* Products */ = {
			isa = PBXGroup;
			children = (
				1A39E64D1BF80555001BE66B /* MyPetMonster.app */,
			);
			name = Products;
			sourceTree = "<group>";
		};
		1A39E64F1BF80555001BE66B /* MyLittleMonster */ = {
			isa = PBXGroup;
			children = (
				1AB9ECAA1BFA6DEE00BE645F /* cave-music.mp3 */,
				1AB9ECAB1BFA6DEE00BE645F /* bite.wav */,
				1AB9ECAC1BFA6DEE00BE645F /* death.wav */,
				1AB9ECAD1BFA6DEE00BE645F /* heart.wav */,
				1AB9ECAE1BFA6DEE00BE645F /* skull.wav */,
				1A39E6501BF80555001BE66B /* AppDelegate.swift */,
				1A39E6521BF80555001BE66B /* ViewController.swift */,
				1AB9ECB41BFABE1600BE645F /* Launch Screen.storyboard */,
				1A39E6621BF96A4B001BE66B /* DragImg.swift */,
				1A39E6541BF80555001BE66B /* Main.storyboard */,
				1A39E6571BF80556001BE66B /* Assets.xcassets */,
				1A39E65C1BF80556001BE66B /* Info.plist */,
				1A39E6641BF9720B001BE66B /* MonsterImg.swift */,
			);
			path = MyLittleMonster;
			sourceTree = "<group>";
		};
/* End PBXGroup section */

/* Begin PBXNativeTarget section */
		1A39E64C1BF80555001BE66B /* MyPetMonster */ = {
			isa = PBXNativeTarget;
			buildConfigurationList = 1A39E65F1BF80556001BE66B /* Build configuration list for PBXNativeTarget "MyPetMonster" */;
			buildPhases = (
				1A39E6491BF80555001BE66B /* Sources */,
				1A39E64A1BF80555001BE66B /* Frameworks */,
				1A39E64B1BF80555001BE66B /* Resources */,
			);
			buildRules = (
			);
			dependencies = (
			);
			name = MyPetMonster;
			productName = MyLittleMonster;
			productReference = 1A39E64D1BF80555001BE66B /* MyPetMonster.app */;
			productType = "com.apple.product-type.application";
		};
/* End PBXNativeTarget section */

/* Begin PBXProject section */
		1A39E6451BF80555001BE66B /* Project object */ = {
			isa = PBXProject;
			attributes = {
				LastSwiftUpdateCheck = 0710;
				LastUpgradeCheck = 0710;
				ORGANIZATIONNAME = EverydayDigitals;
				TargetAttributes = {
					1A39E64C1BF80555001BE66B = {
						CreatedOnToolsVersion = 7.1.1;
						DevelopmentTeam = GE9M63XBY4;
					};
				};
			};
			buildConfigurationList = 1A39E6481BF80555001BE66B /* Build configuration list for PBXProject "MyPetMonster" */;
			compatibilityVersion = "Xcode 3.2";
			developmentRegion = English;
			hasScannedForEncodings = 0;
			knownRegions = (
				en,
				Base,
			);
			mainGroup = 1A39E6441BF80554001BE66B;
			productRefGroup = 1A39E64E1BF80555001BE66B /* Products */;
			projectDirPath = "";
			projectRoot = "";
			targets = (
				1A39E64C1BF80555001BE66B /* MyPetMonster */,
			);
		};
/* End PBXProject section */

/* Begin PBXResourcesBuildPhase section */
		1A39E64B1BF80555001BE66B /* Resources */ = {
			isa = PBXResourcesBuildPhase;
			buildActionMask = 2147483647;
			files = (
				1AB9ECB31BFA6DEE00BE645F /* skull.wav in Resources */,
				1AB9ECB01BFA6DEE00BE645F /* bite.wav in Resources */,
				1AB9ECB11BFA6DEE00BE645F /* death.wav in Resources */,
				1AB9ECB51BFABE1600BE645F /* Launch Screen.storyboard in Resources */,
				1AB9ECB21BFA6DEE00BE645F /* heart.wav in Resources */,
				1AB9ECAF1BFA6DEE00BE645F /* cave-music.mp3 in Resources */,
				1A39E6581BF80556001BE66B /* Assets.xcassets in Resources */,
				1A39E6561BF80555001BE66B /* Main.storyboard in Resources */,
			);
			runOnlyForDeploymentPostprocessing = 0;
		};
/* End PBXResourcesBuildPhase section */

/* Begin PBXSourcesBuildPhase section */
		1A39E6491BF80555001BE66B /* Sources */ = {
			isa = PBXSourcesBuildPhase;
			buildActionMask = 2147483647;
			files = (
				1A39E6651BF9720B001BE66B /* MonsterImg.swift in Sources */,
				1A39E6631BF96A4B001BE66B /* DragImg.swift in Sources */,
				1A39E6531BF80555001BE66B /* ViewController.swift in Sources */,
				1A39E6511BF80555001BE66B /* AppDelegate.swift in Sources */,
			);
			runOnlyForDeploymentPostprocessing = 0;
		};
/* End PBXSourcesBuildPhase section */

/* Begin PBXVariantGroup section */
		1A39E6541BF80555001BE66B /* Main.storyboard */ = {
			isa = PBXVariantGroup;
			children = (
				1A39E6551BF80555001BE66B /* Base */,
			);
			name = Main.storyboard;
			sourceTree = "<group>";
		};
/* End PBXVariantGroup section */

/* Begin XCBuildConfiguration section */
		1A39E65D1BF80556001BE66B /* Debug */ = {
			isa = XCBuildConfiguration;
			buildSettings = {
				ALWAYS_SEARCH_USER_PATHS = NO;
				CLANG_CXX_LANGUAGE_STANDARD = "gnu++0x";
				CLANG_CXX_LIBRARY = "libc++";
				CLANG_ENABLE_MODULES = YES;
				CLANG_ENABLE_OBJC_ARC = YES;
				CLANG_WARN_BOOL_CONVERSION = YES;
				CLANG_WARN_CONSTANT_CONVERSION = YES;
				CLANG_WARN_DIRECT_OBJC_ISA_USAGE = YES_ERROR;
				CLANG_WARN_EMPTY_BODY = YES;
				CLANG_WARN_ENUM_CONVERSION = YES;
				CLANG_WARN_INT_CONVERSION = YES;
				CLANG_WARN_OBJC_ROOT_CLASS = YES_ERROR;
				CLANG_WARN_UNREACHABLE_CODE = YES;
				CLANG_WARN__DUPLICATE_METHOD_MATCH = YES;
				"CODE_SIGN_IDENTITY[sdk=iphoneos*]" = "iPhone Developer";
				COPY_PHASE_STRIP = NO;
				DEBUG_INFORMATION_FORMAT = dwarf;
				ENABLE_STRICT_OBJC_MSGSEND = YES;
				ENABLE_TESTABILITY = YES;
				GCC_C_LANGUAGE_STANDARD = gnu99;
				GCC_DYNAMIC_NO_PIC = NO;
				GCC_NO_COMMON_BLOCKS = YES;
				GCC_OPTIMIZATION_LEVEL = 0;
				GCC_PREPROCESSOR_DEFINITIONS = (
					"DEBUG=1",
					"$(inherited)",
				);
				GCC_WARN_64_TO_32_BIT_CONVERSION = YES;
				GCC_WARN_ABOUT_RETURN_TYPE = YES_ERROR;
				GCC_WARN_UNDECLARED_SELECTOR = YES;
				GCC_WARN_UNINITIALIZED_AUTOS = YES_AGGRESSIVE;
				GCC_WARN_UNUSED_FUNCTION = YES;
				GCC_WARN_UNUSED_VARIABLE = YES;
				IPHONEOS_DEPLOYMENT_TARGET = 9.1;
				MTL_ENABLE_DEBUG_INFO = YES;
				ONLY_ACTIVE_ARCH = YES;
				SDKROOT = iphoneos;
				SWIFT_OPTIMIZATION_LEVEL = "-Onone";
			};
			name = Debug;
		};
		1A39E65E1BF80556001BE66B /* Release */ = {
			isa = XCBuildConfiguration;
			buildSettings = {
				ALWAYS_SEARCH_USER_PATHS = NO;
				CLANG_CXX_LANGUAGE_STANDARD = "gnu++0x";
				CLANG_CXX_LIBRARY = "libc++";
				CLANG_ENABLE_MODULES = YES;
				CLANG_ENABLE_OBJC_ARC = YES;
				CLANG_WARN_BOOL_CONVERSION = YES;
				CLANG_WARN_CONSTANT_CONVERSION = YES;
				CLANG_WARN_DIRECT_OBJC_ISA_USAGE = YES_ERROR;
				CLANG_WARN_EMPTY_BODY = YES;
				CLANG_WARN_ENUM_CONVERSION = YES;
				CLANG_WARN_INT_CONVERSION = YES;
				CLANG_WARN_OBJC_ROOT_CLASS = YES_ERROR;
				CLANG_WARN_UNREACHABLE_CODE = YES;
				CLANG_WARN__DUPLICATE_METHOD_MATCH = YES;
				"CODE_SIGN_IDENTITY[sdk=iphoneos*]" = "iPhone Developer";
				COPY_PHASE_STRIP = NO;
				DEBUG_INFORMATION_FORMAT = "dwarf-with-dsym";
				ENABLE_NS_ASSERTIONS = NO;
				ENABLE_STRICT_OBJC_MSGSEND = YES;
				GCC_C_LANGUAGE_STANDARD = gnu99;
				GCC_NO_COMMON_BLOCKS = YES;
				GCC_WARN_64_TO_32_BIT_CONVERSION = YES;
				GCC_WARN_ABOUT_RETURN_TYPE = YES_ERROR;
				GCC_WARN_UNDECLARED_SELECTOR = YES;
				GCC_WARN_UNINITIALIZED_AUTOS = YES_AGGRESSIVE;
				GCC_WARN_UNUSED_FUNCTION = YES;
				GCC_WARN_UNUSED_VARIABLE = YES;
				IPHONEOS_DEPLOYMENT_TARGET = 9.1;
				MTL_ENABLE_DEBUG_INFO = NO;
				SDKROOT = iphoneos;
				VALIDATE_PRODUCT = YES;
			};
			name = Release;
		};
		1A39E6601BF80556001BE66B /* Debug */ = {
			isa = XCBuildConfiguration;
			buildSettings = {
				ASSETCATALOG_COMPILER_APPICON_NAME = AppIcon;
				INFOPLIST_FILE = MyLittleMonster/Info.plist;
				LD_RUNPATH_SEARCH_PATHS = "$(inherited) @executable_path/Frameworks";
				PRODUCT_BUNDLE_IDENTIFIER = com.everydaydigitals.MyLittleMonster;
				PRODUCT_NAME = MyPetMonster;
				TARGETED_DEVICE_FAMILY = "1,2";
			};
			name = Debug;
		};
		1A39E6611BF80556001BE66B /* Release */ = {
			isa = XCBuildConfiguration;
			buildSettings = {
				ASSETCATALOG_COMPILER_APPICON_NAME = AppIcon;
				INFOPLIST_FILE = MyLittleMonster/Info.plist;
				LD_RUNPATH_SEARCH_PATHS = "$(inherited) @executable_path/Frameworks";
				PRODUCT_BUNDLE_IDENTIFIER = com.everydaydigitals.MyLittleMonster;
				PRODUCT_NAME = MyPetMonster;
				TARGETED_DEVICE_FAMILY = "1,2";
			};
			name = Release;
		};
/* End XCBuildConfiguration section */

/* Begin XCConfigurationList section */
		1A39E6481BF80555001BE66B /* Build configuration list for PBXProject "MyPetMonster" */ = {
			isa = XCConfigurationList;
			buildConfigurations = (
				1A39E65D1BF80556001BE66B /* Debug */,
				1A39E65E1BF80556001BE66B /* Release */,
			);
			defaultConfigurationIsVisible = 0;
			defaultConfigurationName = Release;
		};
		1A39E65F1BF80556001BE66B /* Build configuration list for PBXNativeTarget "MyPetMonster" */ = {
			isa = XCConfigurationList;
			buildConfigurations = (
				1A39E6601BF80556001BE66B /* Debug */,
				1A39E6611BF80556001BE66B /* Release */,
			);
			defaultConfigurationIsVisible = 0;
			defaultConfigurationName = Release;
		};
/* End XCConfigurationList section */
	};
	rootObject = 1A39E6451BF80555001BE66B /* Project object */;
}
